
Microsoft Visual Studio Solution File, Format Version 12.00
# Visual Studio Version 17
VisualStudioVersion = 17.14.36623.8 d17.14
MinimumVisualStudioVersion = 10.0.40219.1
Project("{54A90642-561A-4BB1-A94E-469ADEE60C69}") = "demo.client", "demo.client\demo.client.esproj", "{51C873A7-0C7C-50D9-1586-F0C7D4A06BCF}"
EndProject
Project("{FAE04EC0-301F-11D3-BF4B-00C04F79EFBC}") = "Demo.Server", "Demo.Server\Demo.Server.csproj", "{0FF5AA52-DC93-4820-976A-686F11753BE2}"
EndProject
Global
	GlobalSection(SolutionConfigurationPlatforms) = preSolution
		Debug|Any CPU = Debug|Any CPU
		Release|Any CPU = Release|Any CPU
	EndGlobalSection
	GlobalSection(ProjectConfigurationPlatforms) = postSolution
		{51C873A7-0C7C-50D9-1586-F0C7D4A06BCF}.Debug|Any CPU.ActiveCfg = Debug|Any CPU
		{51C873A7-0C7C-50D9-1586-F0C7D4A06BCF}.Debug|Any CPU.Build.0 = Debug|Any CPU
		{51C873A7-0C7C-50D9-1586-F0C7D4A06BCF}.Debug|Any CPU.Deploy.0 = Debug|Any CPU
		{51C873A7-0C7C-50D9-1586-F0C7D4A06BCF}.Release|Any CPU.ActiveCfg = Release|Any CPU
		{51C873A7-0C7C-50D9-1586-F0C7D4A06BCF}.Release|Any CPU.Build.0 = Release|Any CPU
		{51C873A7-0C7C-50D9-1586-F0C7D4A06BCF}.Release|Any CPU.Deploy.0 = Release|Any CPU
		{0FF5AA52-DC93-4820-976A-686F11753BE2}.Debug|Any CPU.ActiveCfg = Debug|Any CPU
		{0FF5AA52-DC93-4820-976A-686F11753BE2}.Debug|Any CPU.Build.0 = Debug|Any CPU
		{0FF5AA52-DC93-4820-976A-686F11753BE2}.Release|Any CPU.ActiveCfg = Release|Any CPU
		{0FF5AA52-DC93-4820-976A-686F11753BE2}.Release|Any CPU.Build.0 = Release|Any CPU
	EndGlobalSection
	GlobalSection(SolutionProperties) = preSolution
		HideSolutionNode = FALSE
	EndGlobalSection
	GlobalSection(ExtensibilityGlobals) = postSolution
		SolutionGuid = {CF820FFF-C5C9-46CE-9FA0-1B1ACD06C3CF}
	EndGlobalSection
EndGlobal
